
Microsoft Visual Studio Solution File, Format Version 12.00
# Visual Studio Version 17
VisualStudioVersion = 17.2.32630.192
MinimumVisualStudioVersion = 10.0.40219.1
Project("{8BC9CEB8-8B4A-11D0-8D11-00A0C91BC942}") = "4.20", "4.20.vcxproj", "{94E6A641-3B08-49AC-BC9B-09FAC26EFF98}"
EndProject
Global
	GlobalSection(SolutionConfigurationPlatforms) = preSolution
		Debug|x64 = Debug|x64
		Debug|x86 = Debug|x86
		Release|x64 = Release|x64
		Release|x86 = Release|x86
	EndGlobalSection
	GlobalSection(ProjectConfigurationPlatforms) = postSolution
		{94E6A641-3B08-49AC-BC9B-09FAC26EFF98}.Debug|x64.ActiveCfg = Debug|x64
		{94E6A641-3B08-49AC-BC9B-09FAC26EFF98}.Debug|x64.Build.0 = Debug|x64
		{94E6A641-3B08-49AC-BC9B-09FAC26EFF98}.Debug|x86.ActiveCfg = Debug|Win32
		{94E6A641-3B08-49AC-BC9B-09FAC26EFF98}.Debug|x86.Build.0 = Debug|Win32
		{94E6A641-3B08-49AC-BC9B-09FAC26EFF98}.Release|x64.ActiveCfg = Release|x64
		{94E6A641-3B08-49AC-BC9B-09FAC26EFF98}.Release|x64.Build.0 = Release|x64
		{94E6A641-3B08-49AC-BC9B-09FAC26EFF98}.Release|x86.ActiveCfg = Release|Win32
		{94E6A641-3B08-49AC-BC9B-09FAC26EFF98}.Release|x86.Build.0 = Release|Win32
	EndGlobalSection
	GlobalSection(SolutionProperties) = preSolution
		HideSolutionNode = FALSE
	EndGlobalSection
	GlobalSection(ExtensibilityGlobals) = postSolution
		SolutionGuid = {02632177-C8E7-48DB-8F4E-03EFE2F2868D}
	EndGlobalSection
EndGlobal
